// !$*UTF8*$!
{
	archiveVersion = 1;
	classes = {
	};
	objectVersion = 55;
	objects = {

/* Begin PBXBuildFile section */
		810C242628B95BEC0061B32D /* Label+Swift.swift in Sources */ = {isa = PBXBuildFile; fileRef = 810C242528B95BEC0061B32D /* Label+Swift.swift */; };
		810C242828B95E240061B32D /* Font+Swift.swift in Sources */ = {isa = PBXBuildFile; fileRef = 810C242728B95E240061B32D /* Font+Swift.swift */; };
		8122756228BC1C95008DA558 /* BrowseViewController.swift in Sources */ = {isa = PBXBuildFile; fileRef = 8122756128BC1C95008DA558 /* BrowseViewController.swift */; };
		8122756428BC240A008DA558 /* HttpMethod.swift in Sources */ = {isa = PBXBuildFile; fileRef = 8122756328BC240A008DA558 /* HttpMethod.swift */; };
		8122756628BC4739008DA558 /* BrowseCollectionViewCell.swift in Sources */ = {isa = PBXBuildFile; fileRef = 8122756528BC4739008DA558 /* BrowseCollectionViewCell.swift */; };
		8122756828BC4B10008DA558 /* BrowseViewModel.swift in Sources */ = {isa = PBXBuildFile; fileRef = 8122756728BC4B10008DA558 /* BrowseViewModel.swift */; };
		8122756B28BC8E19008DA558 /* SearchViewController.swift in Sources */ = {isa = PBXBuildFile; fileRef = 8122756A28BC8E19008DA558 /* SearchViewController.swift */; };
		81362D9428B8075800AE15BD /* RxCocoa in Frameworks */ = {isa = PBXBuildFile; productRef = 81362D9328B8075800AE15BD /* RxCocoa */; };
		81362D9628B8075800AE15BD /* RxRelay in Frameworks */ = {isa = PBXBuildFile; productRef = 81362D9528B8075800AE15BD /* RxRelay */; };
		81362D9828B8075800AE15BD /* RxSwift in Frameworks */ = {isa = PBXBuildFile; productRef = 81362D9728B8075800AE15BD /* RxSwift */; };
		81362D9C28B80C9A00AE15BD /* TrendingViewController.swift in Sources */ = {isa = PBXBuildFile; fileRef = 81362D9B28B80C9A00AE15BD /* TrendingViewController.swift */; };
		81362D9F28B80EEC00AE15BD /* FeaturedViewController.swift in Sources */ = {isa = PBXBuildFile; fileRef = 81362D9E28B80EEC00AE15BD /* FeaturedViewController.swift */; };
		81362DA428B80FD500AE15BD /* Constants.swift in Sources */ = {isa = PBXBuildFile; fileRef = 81362DA328B80FD500AE15BD /* Constants.swift */; };
		815E02E128B868E000254488 /* Endpoint.swift in Sources */ = {isa = PBXBuildFile; fileRef = 815E02E028B868E000254488 /* Endpoint.swift */; };
		815E02E328B86C1C00254488 /* MovieServiceImpl.swift in Sources */ = {isa = PBXBuildFile; fileRef = 815E02E228B86C1C00254488 /* MovieServiceImpl.swift */; };
		815E02E628B86C5500254488 /* MovieDTO.swift in Sources */ = {isa = PBXBuildFile; fileRef = 815E02E528B86C5500254488 /* MovieDTO.swift */; };
		815E02EB28B86CC000254488 /* MovieService.swift in Sources */ = {isa = PBXBuildFile; fileRef = 815E02EA28B86CC000254488 /* MovieService.swift */; };
		815E02ED28B86D2700254488 /* Movie.swift in Sources */ = {isa = PBXBuildFile; fileRef = 815E02EC28B86D2700254488 /* Movie.swift */; };
		815E02EF28B873EF00254488 /* MoviesDTO.swift in Sources */ = {isa = PBXBuildFile; fileRef = 815E02EE28B873EF00254488 /* MoviesDTO.swift */; };
		815E02F128B8741A00254488 /* MediaTypeDTO.swift in Sources */ = {isa = PBXBuildFile; fileRef = 815E02F028B8741A00254488 /* MediaTypeDTO.swift */; };
		815E02F328B8746400254488 /* OriginalLanguageDTO.swift in Sources */ = {isa = PBXBuildFile; fileRef = 815E02F228B8746400254488 /* OriginalLanguageDTO.swift */; };
		815E02F528B8751C00254488 /* URL+Swift.swift in Sources */ = {isa = PBXBuildFile; fileRef = 815E02F428B8751C00254488 /* URL+Swift.swift */; };
		815E02F728B8792300254488 /* TrendingViewModel.swift in Sources */ = {isa = PBXBuildFile; fileRef = 815E02F628B8792300254488 /* TrendingViewModel.swift */; };
		815E02FA28B891F500254488 /* SDWebImage in Frameworks */ = {isa = PBXBuildFile; productRef = 815E02F928B891F500254488 /* SDWebImage */; };
		815E02FC28B8A41B00254488 /* TrendingTableViewCell.swift in Sources */ = {isa = PBXBuildFile; fileRef = 815E02FB28B8A41B00254488 /* TrendingTableViewCell.swift */; };
		81DF371E28BA8B0C00F79B3D /* FeaturedCollectionViewCell.swift in Sources */ = {isa = PBXBuildFile; fileRef = 81DF371D28BA8B0C00F79B3D /* FeaturedCollectionViewCell.swift */; };
		81DF372028BAC85200F79B3D /* RequestProcessor.swift in Sources */ = {isa = PBXBuildFile; fileRef = 81DF371F28BAC85200F79B3D /* RequestProcessor.swift */; };
		81DF372228BAC88800F79B3D /* RemoteRequestProcessor.swift in Sources */ = {isa = PBXBuildFile; fileRef = 81DF372128BAC88800F79B3D /* RemoteRequestProcessor.swift */; };
		81DF372428BAD9F200F79B3D /* FeaturedViewModel.swift in Sources */ = {isa = PBXBuildFile; fileRef = 81DF372328BAD9F200F79B3D /* FeaturedViewModel.swift */; };
		81FEBCA528B6CE950006A18A /* AppDelegate.swift in Sources */ = {isa = PBXBuildFile; fileRef = 81FEBCA428B6CE950006A18A /* AppDelegate.swift */; };
		81FEBCA728B6CE950006A18A /* SceneDelegate.swift in Sources */ = {isa = PBXBuildFile; fileRef = 81FEBCA628B6CE950006A18A /* SceneDelegate.swift */; };
		81FEBCA928B6CE950006A18A /* LoginViewController.swift in Sources */ = {isa = PBXBuildFile; fileRef = 81FEBCA828B6CE950006A18A /* LoginViewController.swift */; };
		81FEBCAE28B6CE970006A18A /* Assets.xcassets in Resources */ = {isa = PBXBuildFile; fileRef = 81FEBCAD28B6CE970006A18A /* Assets.xcassets */; };
		81FEBCB128B6CE970006A18A /* LaunchScreen.storyboard in Resources */ = {isa = PBXBuildFile; fileRef = 81FEBCAF28B6CE970006A18A /* LaunchScreen.storyboard */; };
		81FEBCBC28B6CE970006A18A /* UILayouts_TheMovieDBTests.swift in Sources */ = {isa = PBXBuildFile; fileRef = 81FEBCBB28B6CE970006A18A /* UILayouts_TheMovieDBTests.swift */; };
		81FEBCC628B6CE970006A18A /* UILayouts_TheMovieDBUITests.swift in Sources */ = {isa = PBXBuildFile; fileRef = 81FEBCC528B6CE970006A18A /* UILayouts_TheMovieDBUITests.swift */; };
		81FEBCC828B6CE970006A18A /* UILayouts_TheMovieDBUITestsLaunchTests.swift in Sources */ = {isa = PBXBuildFile; fileRef = 81FEBCC728B6CE970006A18A /* UILayouts_TheMovieDBUITestsLaunchTests.swift */; };
		81FEBCE128B801E10006A18A /* LoginViewModel.swift in Sources */ = {isa = PBXBuildFile; fileRef = 81FEBCE028B801E10006A18A /* LoginViewModel.swift */; };
/* End PBXBuildFile section */

/* Begin PBXContainerItemProxy section */
		81FEBCB828B6CE970006A18A /* PBXContainerItemProxy */ = {
			isa = PBXContainerItemProxy;
			containerPortal = 81FEBC9928B6CE950006A18A /* Project object */;
			proxyType = 1;
			remoteGlobalIDString = 81FEBCA028B6CE950006A18A;
			remoteInfo = "UILayouts-TheMovieDB";
		};
		81FEBCC228B6CE970006A18A /* PBXContainerItemProxy */ = {
			isa = PBXContainerItemProxy;
			containerPortal = 81FEBC9928B6CE950006A18A /* Project object */;
			proxyType = 1;
			remoteGlobalIDString = 81FEBCA028B6CE950006A18A;
			remoteInfo = "UILayouts-TheMovieDB";
		};
/* End PBXContainerItemProxy section */

/* Begin PBXFileReference section */
		810C242528B95BEC0061B32D /* Label+Swift.swift */ = {isa = PBXFileReference; lastKnownFileType = sourcecode.swift; path = "Label+Swift.swift"; sourceTree = "<group>"; };
		810C242728B95E240061B32D /* Font+Swift.swift */ = {isa = PBXFileReference; lastKnownFileType = sourcecode.swift; path = "Font+Swift.swift"; sourceTree = "<group>"; };
		8122756128BC1C95008DA558 /* BrowseViewController.swift */ = {isa = PBXFileReference; lastKnownFileType = sourcecode.swift; path = BrowseViewController.swift; sourceTree = "<group>"; };
		8122756328BC240A008DA558 /* HttpMethod.swift */ = {isa = PBXFileReference; lastKnownFileType = sourcecode.swift; path = HttpMethod.swift; sourceTree = "<group>"; };
		8122756528BC4739008DA558 /* BrowseCollectionViewCell.swift */ = {isa = PBXFileReference; lastKnownFileType = sourcecode.swift; path = BrowseCollectionViewCell.swift; sourceTree = "<group>"; };
		8122756728BC4B10008DA558 /* BrowseViewModel.swift */ = {isa = PBXFileReference; lastKnownFileType = sourcecode.swift; path = BrowseViewModel.swift; sourceTree = "<group>"; };
		8122756A28BC8E19008DA558 /* SearchViewController.swift */ = {isa = PBXFileReference; lastKnownFileType = sourcecode.swift; path = SearchViewController.swift; sourceTree = "<group>"; };
		81362D9B28B80C9A00AE15BD /* TrendingViewController.swift */ = {isa = PBXFileReference; lastKnownFileType = sourcecode.swift; path = TrendingViewController.swift; sourceTree = "<group>"; };
		81362D9E28B80EEC00AE15BD /* FeaturedViewController.swift */ = {isa = PBXFileReference; lastKnownFileType = sourcecode.swift; path = FeaturedViewController.swift; sourceTree = "<group>"; };
		81362DA328B80FD500AE15BD /* Constants.swift */ = {isa = PBXFileReference; lastKnownFileType = sourcecode.swift; path = Constants.swift; sourceTree = "<group>"; };
		815E02E028B868E000254488 /* Endpoint.swift */ = {isa = PBXFileReference; lastKnownFileType = sourcecode.swift; path = Endpoint.swift; sourceTree = "<group>"; };
		815E02E228B86C1C00254488 /* MovieServiceImpl.swift */ = {isa = PBXFileReference; lastKnownFileType = sourcecode.swift; path = MovieServiceImpl.swift; sourceTree = "<group>"; };
		815E02E528B86C5500254488 /* MovieDTO.swift */ = {isa = PBXFileReference; lastKnownFileType = sourcecode.swift; path = MovieDTO.swift; sourceTree = "<group>"; };
		815E02EA28B86CC000254488 /* MovieService.swift */ = {isa = PBXFileReference; lastKnownFileType = sourcecode.swift; path = MovieService.swift; sourceTree = "<group>"; };
		815E02EC28B86D2700254488 /* Movie.swift */ = {isa = PBXFileReference; lastKnownFileType = sourcecode.swift; path = Movie.swift; sourceTree = "<group>"; };
		815E02EE28B873EF00254488 /* MoviesDTO.swift */ = {isa = PBXFileReference; lastKnownFileType = sourcecode.swift; path = MoviesDTO.swift; sourceTree = "<group>"; };
		815E02F028B8741A00254488 /* MediaTypeDTO.swift */ = {isa = PBXFileReference; lastKnownFileType = sourcecode.swift; path = MediaTypeDTO.swift; sourceTree = "<group>"; };
		815E02F228B8746400254488 /* OriginalLanguageDTO.swift */ = {isa = PBXFileReference; lastKnownFileType = sourcecode.swift; path = OriginalLanguageDTO.swift; sourceTree = "<group>"; };
		815E02F428B8751C00254488 /* URL+Swift.swift */ = {isa = PBXFileReference; lastKnownFileType = sourcecode.swift; path = "URL+Swift.swift"; sourceTree = "<group>"; };
		815E02F628B8792300254488 /* TrendingViewModel.swift */ = {isa = PBXFileReference; lastKnownFileType = sourcecode.swift; path = TrendingViewModel.swift; sourceTree = "<group>"; };
		815E02FB28B8A41B00254488 /* TrendingTableViewCell.swift */ = {isa = PBXFileReference; lastKnownFileType = sourcecode.swift; path = TrendingTableViewCell.swift; sourceTree = "<group>"; };
		81DF371D28BA8B0C00F79B3D /* FeaturedCollectionViewCell.swift */ = {isa = PBXFileReference; lastKnownFileType = sourcecode.swift; path = FeaturedCollectionViewCell.swift; sourceTree = "<group>"; };
		81DF371F28BAC85200F79B3D /* RequestProcessor.swift */ = {isa = PBXFileReference; lastKnownFileType = sourcecode.swift; path = RequestProcessor.swift; sourceTree = "<group>"; };
		81DF372128BAC88800F79B3D /* RemoteRequestProcessor.swift */ = {isa = PBXFileReference; lastKnownFileType = sourcecode.swift; path = RemoteRequestProcessor.swift; sourceTree = "<group>"; };
		81DF372328BAD9F200F79B3D /* FeaturedViewModel.swift */ = {isa = PBXFileReference; lastKnownFileType = sourcecode.swift; path = FeaturedViewModel.swift; sourceTree = "<group>"; };
		81FEBCA128B6CE950006A18A /* UILayouts-TheMovieDB.app */ = {isa = PBXFileReference; explicitFileType = wrapper.application; includeInIndex = 0; path = "UILayouts-TheMovieDB.app"; sourceTree = BUILT_PRODUCTS_DIR; };
		81FEBCA428B6CE950006A18A /* AppDelegate.swift */ = {isa = PBXFileReference; lastKnownFileType = sourcecode.swift; path = AppDelegate.swift; sourceTree = "<group>"; };
		81FEBCA628B6CE950006A18A /* SceneDelegate.swift */ = {isa = PBXFileReference; lastKnownFileType = sourcecode.swift; path = SceneDelegate.swift; sourceTree = "<group>"; };
		81FEBCA828B6CE950006A18A /* LoginViewController.swift */ = {isa = PBXFileReference; lastKnownFileType = sourcecode.swift; path = LoginViewController.swift; sourceTree = "<group>"; };
		81FEBCAD28B6CE970006A18A /* Assets.xcassets */ = {isa = PBXFileReference; lastKnownFileType = folder.assetcatalog; path = Assets.xcassets; sourceTree = "<group>"; };
		81FEBCB028B6CE970006A18A /* Base */ = {isa = PBXFileReference; lastKnownFileType = file.storyboard; name = Base; path = Base.lproj/LaunchScreen.storyboard; sourceTree = "<group>"; };
		81FEBCB228B6CE970006A18A /* Info.plist */ = {isa = PBXFileReference; lastKnownFileType = text.plist.xml; path = Info.plist; sourceTree = "<group>"; };
		81FEBCB728B6CE970006A18A /* UILayouts-TheMovieDBTests.xctest */ = {isa = PBXFileReference; explicitFileType = wrapper.cfbundle; includeInIndex = 0; path = "UILayouts-TheMovieDBTests.xctest"; sourceTree = BUILT_PRODUCTS_DIR; };
		81FEBCBB28B6CE970006A18A /* UILayouts_TheMovieDBTests.swift */ = {isa = PBXFileReference; lastKnownFileType = sourcecode.swift; path = UILayouts_TheMovieDBTests.swift; sourceTree = "<group>"; };
		81FEBCC128B6CE970006A18A /* UILayouts-TheMovieDBUITests.xctest */ = {isa = PBXFileReference; explicitFileType = wrapper.cfbundle; includeInIndex = 0; path = "UILayouts-TheMovieDBUITests.xctest"; sourceTree = BUILT_PRODUCTS_DIR; };
		81FEBCC528B6CE970006A18A /* UILayouts_TheMovieDBUITests.swift */ = {isa = PBXFileReference; lastKnownFileType = sourcecode.swift; path = UILayouts_TheMovieDBUITests.swift; sourceTree = "<group>"; };
		81FEBCC728B6CE970006A18A /* UILayouts_TheMovieDBUITestsLaunchTests.swift */ = {isa = PBXFileReference; lastKnownFileType = sourcecode.swift; path = UILayouts_TheMovieDBUITestsLaunchTests.swift; sourceTree = "<group>"; };
		81FEBCE028B801E10006A18A /* LoginViewModel.swift */ = {isa = PBXFileReference; lastKnownFileType = sourcecode.swift; path = LoginViewModel.swift; sourceTree = "<group>"; };
/* End PBXFileReference section */

/* Begin PBXFrameworksBuildPhase section */
		81FEBC9E28B6CE950006A18A /* Frameworks */ = {
			isa = PBXFrameworksBuildPhase;
			buildActionMask = 2147483647;
			files = (
				81362D9828B8075800AE15BD /* RxSwift in Frameworks */,
				81362D9628B8075800AE15BD /* RxRelay in Frameworks */,
				815E02FA28B891F500254488 /* SDWebImage in Frameworks */,
				81362D9428B8075800AE15BD /* RxCocoa in Frameworks */,
			);
			runOnlyForDeploymentPostprocessing = 0;
		};
		81FEBCB428B6CE970006A18A /* Frameworks */ = {
			isa = PBXFrameworksBuildPhase;
			buildActionMask = 2147483647;
			files = (
			);
			runOnlyForDeploymentPostprocessing = 0;
		};
		81FEBCBE28B6CE970006A18A /* Frameworks */ = {
			isa = PBXFrameworksBuildPhase;
			buildActionMask = 2147483647;
			files = (
			);
			runOnlyForDeploymentPostprocessing = 0;
		};
/* End PBXFrameworksBuildPhase section */

/* Begin PBXGroup section */
		8122756028BC1C2E008DA558 /* Browse */ = {
			isa = PBXGroup;
			children = (
				8122756128BC1C95008DA558 /* BrowseViewController.swift */,
				8122756528BC4739008DA558 /* BrowseCollectionViewCell.swift */,
				8122756728BC4B10008DA558 /* BrowseViewModel.swift */,
			);
			path = Browse;
			sourceTree = "<group>";
		};
		8122756928BC8DE6008DA558 /* Search */ = {
			isa = PBXGroup;
			children = (
				8122756A28BC8E19008DA558 /* SearchViewController.swift */,
			);
			path = Search;
			sourceTree = "<group>";
		};
		81362D9928B80C0B00AE15BD /* Auth */ = {
			isa = PBXGroup;
			children = (
				81FEBCA828B6CE950006A18A /* LoginViewController.swift */,
				81FEBCE028B801E10006A18A /* LoginViewModel.swift */,
			);
			path = Auth;
			sourceTree = "<group>";
		};
		81362D9A28B80C1900AE15BD /* Trending */ = {
			isa = PBXGroup;
			children = (
				81362D9B28B80C9A00AE15BD /* TrendingViewController.swift */,
				815E02F628B8792300254488 /* TrendingViewModel.swift */,
				815E02FB28B8A41B00254488 /* TrendingTableViewCell.swift */,
			);
			path = Trending;
			sourceTree = "<group>";
		};
		81362D9D28B80EA200AE15BD /* Featured */ = {
			isa = PBXGroup;
			children = (
				81362D9E28B80EEC00AE15BD /* FeaturedViewController.swift */,
				81DF371D28BA8B0C00F79B3D /* FeaturedCollectionViewCell.swift */,
				81DF372328BAD9F200F79B3D /* FeaturedViewModel.swift */,
			);
			path = Featured;
			sourceTree = "<group>";
		};
		81362DA028B80FAB00AE15BD /* Core */ = {
			isa = PBXGroup;
			children = (
				81362DA228B80FBE00AE15BD /* Exts */,
				81362DA128B80FB600AE15BD /* Utils */,
			);
			path = Core;
			sourceTree = "<group>";
		};
		81362DA128B80FB600AE15BD /* Utils */ = {
			isa = PBXGroup;
			children = (
				81362DA328B80FD500AE15BD /* Constants.swift */,
				815E02E028B868E000254488 /* Endpoint.swift */,
				8122756328BC240A008DA558 /* HttpMethod.swift */,
			);
			path = Utils;
			sourceTree = "<group>";
		};
		81362DA228B80FBE00AE15BD /* Exts */ = {
			isa = PBXGroup;
			children = (
				815E02F428B8751C00254488 /* URL+Swift.swift */,
				810C242528B95BEC0061B32D /* Label+Swift.swift */,
				810C242728B95E240061B32D /* Font+Swift.swift */,
			);
			path = Exts;
			sourceTree = "<group>";
		};
		815E02E428B86C3000254488 /* Service */ = {
			isa = PBXGroup;
			children = (
				815E02EA28B86CC000254488 /* MovieService.swift */,
				81DF371F28BAC85200F79B3D /* RequestProcessor.swift */,
			);
			path = Service;
			sourceTree = "<group>";
		};
		815E02E728B86C5C00254488 /* Model */ = {
			isa = PBXGroup;
			children = (
				815E02EC28B86D2700254488 /* Movie.swift */,
			);
			path = Model;
			sourceTree = "<group>";
		};
		815E02E828B86C8000254488 /* Service */ = {
			isa = PBXGroup;
			children = (
				815E02E228B86C1C00254488 /* MovieServiceImpl.swift */,
				81DF372128BAC88800F79B3D /* RemoteRequestProcessor.swift */,
			);
			path = Service;
			sourceTree = "<group>";
		};
		815E02E928B86C9800254488 /* DTOs */ = {
			isa = PBXGroup;
			children = (
				815E02EE28B873EF00254488 /* MoviesDTO.swift */,
				815E02E528B86C5500254488 /* MovieDTO.swift */,
				815E02F028B8741A00254488 /* MediaTypeDTO.swift */,
				815E02F228B8746400254488 /* OriginalLanguageDTO.swift */,
			);
			path = DTOs;
			sourceTree = "<group>";
		};
		81FEBC9828B6CE950006A18A = {
			isa = PBXGroup;
			children = (
				81FEBCA328B6CE950006A18A /* UILayouts-TheMovieDB */,
				81FEBCBA28B6CE970006A18A /* UILayouts-TheMovieDBTests */,
				81FEBCC428B6CE970006A18A /* UILayouts-TheMovieDBUITests */,
				81FEBCA228B6CE950006A18A /* Products */,
			);
			sourceTree = "<group>";
		};
		81FEBCA228B6CE950006A18A /* Products */ = {
			isa = PBXGroup;
			children = (
				81FEBCA128B6CE950006A18A /* UILayouts-TheMovieDB.app */,
				81FEBCB728B6CE970006A18A /* UILayouts-TheMovieDBTests.xctest */,
				81FEBCC128B6CE970006A18A /* UILayouts-TheMovieDBUITests.xctest */,
			);
			name = Products;
			sourceTree = "<group>";
		};
		81FEBCA328B6CE950006A18A /* UILayouts-TheMovieDB */ = {
			isa = PBXGroup;
			children = (
				81362DA028B80FAB00AE15BD /* Core */,
				81FEBCD428B6D5470006A18A /* Data */,
				81FEBCD628B6D55B0006A18A /* Domain */,
				81FEBCD528B6D5500006A18A /* Presentation */,
				81FEBCA428B6CE950006A18A /* AppDelegate.swift */,
				81FEBCA628B6CE950006A18A /* SceneDelegate.swift */,
				81FEBCAD28B6CE970006A18A /* Assets.xcassets */,
				81FEBCAF28B6CE970006A18A /* LaunchScreen.storyboard */,
				81FEBCB228B6CE970006A18A /* Info.plist */,
			);
			path = "UILayouts-TheMovieDB";
			sourceTree = "<group>";
		};
		81FEBCBA28B6CE970006A18A /* UILayouts-TheMovieDBTests */ = {
			isa = PBXGroup;
			children = (
				81FEBCBB28B6CE970006A18A /* UILayouts_TheMovieDBTests.swift */,
			);
			path = "UILayouts-TheMovieDBTests";
			sourceTree = "<group>";
		};
		81FEBCC428B6CE970006A18A /* UILayouts-TheMovieDBUITests */ = {
			isa = PBXGroup;
			children = (
				81FEBCC528B6CE970006A18A /* UILayouts_TheMovieDBUITests.swift */,
				81FEBCC728B6CE970006A18A /* UILayouts_TheMovieDBUITestsLaunchTests.swift */,
			);
			path = "UILayouts-TheMovieDBUITests";
			sourceTree = "<group>";
		};
		81FEBCD428B6D5470006A18A /* Data */ = {
			isa = PBXGroup;
			children = (
				815E02E828B86C8000254488 /* Service */,
				815E02E928B86C9800254488 /* DTOs */,
			);
			path = Data;
			sourceTree = "<group>";
		};
		81FEBCD528B6D5500006A18A /* Presentation */ = {
			isa = PBXGroup;
			children = (
				8122756028BC1C2E008DA558 /* Browse */,
				81362D9D28B80EA200AE15BD /* Featured */,
				81362D9A28B80C1900AE15BD /* Trending */,
				8122756928BC8DE6008DA558 /* Search */,
				81362D9928B80C0B00AE15BD /* Auth */,
			);
			path = Presentation;
			sourceTree = "<group>";
		};
		81FEBCD628B6D55B0006A18A /* Domain */ = {
			isa = PBXGroup;
			children = (
				815E02E728B86C5C00254488 /* Model */,
				815E02E428B86C3000254488 /* Service */,
			);
			path = Domain;
			sourceTree = "<group>";
		};
/* End PBXGroup section */

/* Begin PBXNativeTarget section */
		81FEBCA028B6CE950006A18A /* UILayouts-TheMovieDB */ = {
			isa = PBXNativeTarget;
			buildConfigurationList = 81FEBCCB28B6CE970006A18A /* Build configuration list for PBXNativeTarget "UILayouts-TheMovieDB" */;
			buildPhases = (
				81FEBC9D28B6CE950006A18A /* Sources */,
				81FEBC9E28B6CE950006A18A /* Frameworks */,
				81FEBC9F28B6CE950006A18A /* Resources */,
			);
			buildRules = (
			);
			dependencies = (
			);
			name = "UILayouts-TheMovieDB";
			packageProductDependencies = (
				81362D9328B8075800AE15BD /* RxCocoa */,
				81362D9528B8075800AE15BD /* RxRelay */,
				81362D9728B8075800AE15BD /* RxSwift */,
				815E02F928B891F500254488 /* SDWebImage */,
			);
			productName = "UILayouts-TheMovieDB";
			productReference = 81FEBCA128B6CE950006A18A /* UILayouts-TheMovieDB.app */;
			productType = "com.apple.product-type.application";
		};
		81FEBCB628B6CE970006A18A /* UILayouts-TheMovieDBTests */ = {
			isa = PBXNativeTarget;
			buildConfigurationList = 81FEBCCE28B6CE970006A18A /* Build configuration list for PBXNativeTarget "UILayouts-TheMovieDBTests" */;
			buildPhases = (
				81FEBCB328B6CE970006A18A /* Sources */,
				81FEBCB428B6CE970006A18A /* Frameworks */,
				81FEBCB528B6CE970006A18A /* Resources */,
			);
			buildRules = (
			);
			dependencies = (
				81FEBCB928B6CE970006A18A /* PBXTargetDependency */,
			);
			name = "UILayouts-TheMovieDBTests";
			productName = "UILayouts-TheMovieDBTests";
			productReference = 81FEBCB728B6CE970006A18A /* UILayouts-TheMovieDBTests.xctest */;
			productType = "com.apple.product-type.bundle.unit-test";
		};
		81FEBCC028B6CE970006A18A /* UILayouts-TheMovieDBUITests */ = {
			isa = PBXNativeTarget;
			buildConfigurationList = 81FEBCD128B6CE970006A18A /* Build configuration list for PBXNativeTarget "UILayouts-TheMovieDBUITests" */;
			buildPhases = (
				81FEBCBD28B6CE970006A18A /* Sources */,
				81FEBCBE28B6CE970006A18A /* Frameworks */,
				81FEBCBF28B6CE970006A18A /* Resources */,
			);
			buildRules = (
			);
			dependencies = (
				81FEBCC328B6CE970006A18A /* PBXTargetDependency */,
			);
			name = "UILayouts-TheMovieDBUITests";
			productName = "UILayouts-TheMovieDBUITests";
			productReference = 81FEBCC128B6CE970006A18A /* UILayouts-TheMovieDBUITests.xctest */;
			productType = "com.apple.product-type.bundle.ui-testing";
		};
/* End PBXNativeTarget section */

/* Begin PBXProject section */
		81FEBC9928B6CE950006A18A /* Project object */ = {
			isa = PBXProject;
			attributes = {
				BuildIndependentTargetsInParallel = 1;
				LastSwiftUpdateCheck = 1340;
				LastUpgradeCheck = 1340;
				TargetAttributes = {
					81FEBCA028B6CE950006A18A = {
						CreatedOnToolsVersion = 13.4;
					};
					81FEBCB628B6CE970006A18A = {
						CreatedOnToolsVersion = 13.4;
						TestTargetID = 81FEBCA028B6CE950006A18A;
					};
					81FEBCC028B6CE970006A18A = {
						CreatedOnToolsVersion = 13.4;
						TestTargetID = 81FEBCA028B6CE950006A18A;
					};
				};
			};
			buildConfigurationList = 81FEBC9C28B6CE950006A18A /* Build configuration list for PBXProject "UILayouts-TheMovieDB" */;
			compatibilityVersion = "Xcode 13.0";
			developmentRegion = en;
			hasScannedForEncodings = 0;
			knownRegions = (
				en,
				Base,
			);
			mainGroup = 81FEBC9828B6CE950006A18A;
			packageReferences = (
				81362D9228B8075800AE15BD /* XCRemoteSwiftPackageReference "RxSwift" */,
				815E02F828B891F500254488 /* XCRemoteSwiftPackageReference "SDWebImage" */,
			);
			productRefGroup = 81FEBCA228B6CE950006A18A /* Products */;
			projectDirPath = "";
			projectRoot = "";
			targets = (
				81FEBCA028B6CE950006A18A /* UILayouts-TheMovieDB */,
				81FEBCB628B6CE970006A18A /* UILayouts-TheMovieDBTests */,
				81FEBCC028B6CE970006A18A /* UILayouts-TheMovieDBUITests */,
			);
		};
/* End PBXProject section */

/* Begin PBXResourcesBuildPhase section */
		81FEBC9F28B6CE950006A18A /* Resources */ = {
			isa = PBXResourcesBuildPhase;
			buildActionMask = 2147483647;
			files = (
				81FEBCB128B6CE970006A18A /* LaunchScreen.storyboard in Resources */,
				81FEBCAE28B6CE970006A18A /* Assets.xcassets in Resources */,
			);
			runOnlyForDeploymentPostprocessing = 0;
		};
		81FEBCB528B6CE970006A18A /* Resources */ = {
			isa = PBXResourcesBuildPhase;
			buildActionMask = 2147483647;
			files = (
			);
			runOnlyForDeploymentPostprocessing = 0;
		};
		81FEBCBF28B6CE970006A18A /* Resources */ = {
			isa = PBXResourcesBuildPhase;
			buildActionMask = 2147483647;
			files = (
			);
			runOnlyForDeploymentPostprocessing = 0;
		};
/* End PBXResourcesBuildPhase section */

/* Begin PBXSourcesBuildPhase section */
		81FEBC9D28B6CE950006A18A /* Sources */ = {
			isa = PBXSourcesBuildPhase;
			buildActionMask = 2147483647;
			files = (
				81FEBCE128B801E10006A18A /* LoginViewModel.swift in Sources */,
				81362D9C28B80C9A00AE15BD /* TrendingViewController.swift in Sources */,
				8122756428BC240A008DA558 /* HttpMethod.swift in Sources */,
				815E02FC28B8A41B00254488 /* TrendingTableViewCell.swift in Sources */,
				815E02ED28B86D2700254488 /* Movie.swift in Sources */,
				815E02E128B868E000254488 /* Endpoint.swift in Sources */,
				815E02E328B86C1C00254488 /* MovieServiceImpl.swift in Sources */,
				815E02F528B8751C00254488 /* URL+Swift.swift in Sources */,
				81FEBCA928B6CE950006A18A /* LoginViewController.swift in Sources */,
				815E02F328B8746400254488 /* OriginalLanguageDTO.swift in Sources */,
				810C242628B95BEC0061B32D /* Label+Swift.swift in Sources */,
				810C242828B95E240061B32D /* Font+Swift.swift in Sources */,
				81FEBCA528B6CE950006A18A /* AppDelegate.swift in Sources */,
				815E02E628B86C5500254488 /* MovieDTO.swift in Sources */,
				81362DA428B80FD500AE15BD /* Constants.swift in Sources */,
				8122756228BC1C95008DA558 /* BrowseViewController.swift in Sources */,
				81362D9F28B80EEC00AE15BD /* FeaturedViewController.swift in Sources */,
				815E02F128B8741A00254488 /* MediaTypeDTO.swift in Sources */,
				8122756828BC4B10008DA558 /* BrowseViewModel.swift in Sources */,
				81FEBCA728B6CE950006A18A /* SceneDelegate.swift in Sources */,
				815E02EB28B86CC000254488 /* MovieService.swift in Sources */,
				81DF372028BAC85200F79B3D /* RequestProcessor.swift in Sources */,
				8122756628BC4739008DA558 /* BrowseCollectionViewCell.swift in Sources */,
				815E02F728B8792300254488 /* TrendingViewModel.swift in Sources */,
				815E02EF28B873EF00254488 /* MoviesDTO.swift in Sources */,
				81DF372228BAC88800F79B3D /* RemoteRequestProcessor.swift in Sources */,
				81DF372428BAD9F200F79B3D /* FeaturedViewModel.swift in Sources */,
				81DF371E28BA8B0C00F79B3D /* FeaturedCollectionViewCell.swift in Sources */,
				8122756B28BC8E19008DA558 /* SearchViewController.swift in Sources */,
			);
			runOnlyForDeploymentPostprocessing = 0;
		};
		81FEBCB328B6CE970006A18A /* Sources */ = {
			isa = PBXSourcesBuildPhase;
			buildActionMask = 2147483647;
			files = (
				81FEBCBC28B6CE970006A18A /* UILayouts_TheMovieDBTests.swift in Sources */,
			);
			runOnlyForDeploymentPostprocessing = 0;
		};
		81FEBCBD28B6CE970006A18A /* Sources */ = {
			isa = PBXSourcesBuildPhase;
			buildActionMask = 2147483647;
			files = (
				81FEBCC628B6CE970006A18A /* UILayouts_TheMovieDBUITests.swift in Sources */,
				81FEBCC828B6CE970006A18A /* UILayouts_TheMovieDBUITestsLaunchTests.swift in Sources */,
			);
			runOnlyForDeploymentPostprocessing = 0;
		};
/* End PBXSourcesBuildPhase section */

/* Begin PBXTargetDependency section */
		81FEBCB928B6CE970006A18A /* PBXTargetDependency */ = {
			isa = PBXTargetDependency;
			target = 81FEBCA028B6CE950006A18A /* UILayouts-TheMovieDB */;
			targetProxy = 81FEBCB828B6CE970006A18A /* PBXContainerItemProxy */;
		};
		81FEBCC328B6CE970006A18A /* PBXTargetDependency */ = {
			isa = PBXTargetDependency;
			target = 81FEBCA028B6CE950006A18A /* UILayouts-TheMovieDB */;
			targetProxy = 81FEBCC228B6CE970006A18A /* PBXContainerItemProxy */;
		};
/* End PBXTargetDependency section */

/* Begin PBXVariantGroup section */
		81FEBCAF28B6CE970006A18A /* LaunchScreen.storyboard */ = {
			isa = PBXVariantGroup;
			children = (
				81FEBCB028B6CE970006A18A /* Base */,
			);
			name = LaunchScreen.storyboard;
			sourceTree = "<group>";
		};
/* End PBXVariantGroup section */

/* Begin XCBuildConfiguration section */
		81FEBCC928B6CE970006A18A /* Debug */ = {
			isa = XCBuildConfiguration;
			buildSettings = {
				ALWAYS_SEARCH_USER_PATHS = NO;
				CLANG_ANALYZER_NONNULL = YES;
				CLANG_ANALYZER_NUMBER_OBJECT_CONVERSION = YES_AGGRESSIVE;
				CLANG_CXX_LANGUAGE_STANDARD = "gnu++17";
				CLANG_ENABLE_MODULES = YES;
				CLANG_ENABLE_OBJC_ARC = YES;
				CLANG_ENABLE_OBJC_WEAK = YES;
				CLANG_WARN_BLOCK_CAPTURE_AUTORELEASING = YES;
				CLANG_WARN_BOOL_CONVERSION = YES;
				CLANG_WARN_COMMA = YES;
				CLANG_WARN_CONSTANT_CONVERSION = YES;
				CLANG_WARN_DEPRECATED_OBJC_IMPLEMENTATIONS = YES;
				CLANG_WARN_DIRECT_OBJC_ISA_USAGE = YES_ERROR;
				CLANG_WARN_DOCUMENTATION_COMMENTS = YES;
				CLANG_WARN_EMPTY_BODY = YES;
				CLANG_WARN_ENUM_CONVERSION = YES;
				CLANG_WARN_INFINITE_RECURSION = YES;
				CLANG_WARN_INT_CONVERSION = YES;
				CLANG_WARN_NON_LITERAL_NULL_CONVERSION = YES;
				CLANG_WARN_OBJC_IMPLICIT_RETAIN_SELF = YES;
				CLANG_WARN_OBJC_LITERAL_CONVERSION = YES;
				CLANG_WARN_OBJC_ROOT_CLASS = YES_ERROR;
				CLANG_WARN_QUOTED_INCLUDE_IN_FRAMEWORK_HEADER = YES;
				CLANG_WARN_RANGE_LOOP_ANALYSIS = YES;
				CLANG_WARN_STRICT_PROTOTYPES = YES;
				CLANG_WARN_SUSPICIOUS_MOVE = YES;
				CLANG_WARN_UNGUARDED_AVAILABILITY = YES_AGGRESSIVE;
				CLANG_WARN_UNREACHABLE_CODE = YES;
				CLANG_WARN__DUPLICATE_METHOD_MATCH = YES;
				COPY_PHASE_STRIP = NO;
				DEBUG_INFORMATION_FORMAT = dwarf;
				ENABLE_STRICT_OBJC_MSGSEND = YES;
				ENABLE_TESTABILITY = YES;
				ENABLE_TESTING_SEARCH_PATHS = YES;
				GCC_C_LANGUAGE_STANDARD = gnu11;
				GCC_DYNAMIC_NO_PIC = NO;
				GCC_NO_COMMON_BLOCKS = YES;
				GCC_OPTIMIZATION_LEVEL = 0;
				GCC_PREPROCESSOR_DEFINITIONS = (
					"DEBUG=1",
					"$(inherited)",
				);
				GCC_WARN_64_TO_32_BIT_CONVERSION = YES;
				GCC_WARN_ABOUT_RETURN_TYPE = YES_ERROR;
				GCC_WARN_UNDECLARED_SELECTOR = YES;
				GCC_WARN_UNINITIALIZED_AUTOS = YES_AGGRESSIVE;
				GCC_WARN_UNUSED_FUNCTION = YES;
				GCC_WARN_UNUSED_VARIABLE = YES;
				IPHONEOS_DEPLOYMENT_TARGET = 13.0;
				MTL_ENABLE_DEBUG_INFO = INCLUDE_SOURCE;
				MTL_FAST_MATH = YES;
				ONLY_ACTIVE_ARCH = YES;
				SDKROOT = iphoneos;
				SWIFT_ACTIVE_COMPILATION_CONDITIONS = DEBUG;
				SWIFT_OPTIMIZATION_LEVEL = "-Onone";
			};
			name = Debug;
		};
		81FEBCCA28B6CE970006A18A /* Release */ = {
			isa = XCBuildConfiguration;
			buildSettings = {
				ALWAYS_SEARCH_USER_PATHS = NO;
				CLANG_ANALYZER_NONNULL = YES;
				CLANG_ANALYZER_NUMBER_OBJECT_CONVERSION = YES_AGGRESSIVE;
				CLANG_CXX_LANGUAGE_STANDARD = "gnu++17";
				CLANG_ENABLE_MODULES = YES;
				CLANG_ENABLE_OBJC_ARC = YES;
				CLANG_ENABLE_OBJC_WEAK = YES;
				CLANG_WARN_BLOCK_CAPTURE_AUTORELEASING = YES;
				CLANG_WARN_BOOL_CONVERSION = YES;
				CLANG_WARN_COMMA = YES;
				CLANG_WARN_CONSTANT_CONVERSION = YES;
				CLANG_WARN_DEPRECATED_OBJC_IMPLEMENTATIONS = YES;
				CLANG_WARN_DIRECT_OBJC_ISA_USAGE = YES_ERROR;
				CLANG_WARN_DOCUMENTATION_COMMENTS = YES;
				CLANG_WARN_EMPTY_BODY = YES;
				CLANG_WARN_ENUM_CONVERSION = YES;
				CLANG_WARN_INFINITE_RECURSION = YES;
				CLANG_WARN_INT_CONVERSION = YES;
				CLANG_WARN_NON_LITERAL_NULL_CONVERSION = YES;
				CLANG_WARN_OBJC_IMPLICIT_RETAIN_SELF = YES;
				CLANG_WARN_OBJC_LITERAL_CONVERSION = YES;
				CLANG_WARN_OBJC_ROOT_CLASS = YES_ERROR;
				CLANG_WARN_QUOTED_INCLUDE_IN_FRAMEWORK_HEADER = YES;
				CLANG_WARN_RANGE_LOOP_ANALYSIS = YES;
				CLANG_WARN_STRICT_PROTOTYPES = YES;
				CLANG_WARN_SUSPICIOUS_MOVE = YES;
				CLANG_WARN_UNGUARDED_AVAILABILITY = YES_AGGRESSIVE;
				CLANG_WARN_UNREACHABLE_CODE = YES;
				CLANG_WARN__DUPLICATE_METHOD_MATCH = YES;
				COPY_PHASE_STRIP = NO;
				DEBUG_INFORMATION_FORMAT = "dwarf-with-dsym";
				ENABLE_NS_ASSERTIONS = NO;
				ENABLE_STRICT_OBJC_MSGSEND = YES;
				ENABLE_TESTING_SEARCH_PATHS = YES;
				GCC_C_LANGUAGE_STANDARD = gnu11;
				GCC_NO_COMMON_BLOCKS = YES;
				GCC_WARN_64_TO_32_BIT_CONVERSION = YES;
				GCC_WARN_ABOUT_RETURN_TYPE = YES_ERROR;
				GCC_WARN_UNDECLARED_SELECTOR = YES;
				GCC_WARN_UNINITIALIZED_AUTOS = YES_AGGRESSIVE;
				GCC_WARN_UNUSED_FUNCTION = YES;
				GCC_WARN_UNUSED_VARIABLE = YES;
				IPHONEOS_DEPLOYMENT_TARGET = 13.0;
				MTL_ENABLE_DEBUG_INFO = NO;
				MTL_FAST_MATH = YES;
				SDKROOT = iphoneos;
				SWIFT_COMPILATION_MODE = wholemodule;
				SWIFT_OPTIMIZATION_LEVEL = "-O";
				VALIDATE_PRODUCT = YES;
			};
			name = Release;
		};
		81FEBCCC28B6CE970006A18A /* Debug */ = {
			isa = XCBuildConfiguration;
			buildSettings = {
				ASSETCATALOG_COMPILER_APPICON_NAME = AppIcon;
				ASSETCATALOG_COMPILER_GLOBAL_ACCENT_COLOR_NAME = AccentColor;
				CODE_SIGN_STYLE = Automatic;
				CURRENT_PROJECT_VERSION = 1;
				DEVELOPMENT_TEAM = 2HB3YHCHVH;
				GENERATE_INFOPLIST_FILE = YES;
				INFOPLIST_FILE = "UILayouts-TheMovieDB/Info.plist";
				INFOPLIST_KEY_UIApplicationSupportsIndirectInputEvents = YES;
				INFOPLIST_KEY_UILaunchStoryboardName = LaunchScreen;
				INFOPLIST_KEY_UISupportedInterfaceOrientations_iPad = "UIInterfaceOrientationPortrait UIInterfaceOrientationPortraitUpsideDown UIInterfaceOrientationLandscapeLeft UIInterfaceOrientationLandscapeRight";
				INFOPLIST_KEY_UISupportedInterfaceOrientations_iPhone = "UIInterfaceOrientationPortrait UIInterfaceOrientationLandscapeLeft UIInterfaceOrientationLandscapeRight";
				LD_RUNPATH_SEARCH_PATHS = (
					"$(inherited)",
					"@executable_path/Frameworks",
				);
				MARKETING_VERSION = 1.0;
				PRODUCT_BUNDLE_IDENTIFIER = "com.mwaibanda.UILayouts-TheMovieDB";
				PRODUCT_NAME = "$(TARGET_NAME)";
				SWIFT_EMIT_LOC_STRINGS = YES;
				SWIFT_VERSION = 5.0;
				TARGETED_DEVICE_FAMILY = "1,2";
			};
			name = Debug;
		};
		81FEBCCD28B6CE970006A18A /* Release */ = {
			isa = XCBuildConfiguration;
			buildSettings = {
				ASSETCATALOG_COMPILER_APPICON_NAME = AppIcon;
				ASSETCATALOG_COMPILER_GLOBAL_ACCENT_COLOR_NAME = AccentColor;
				CODE_SIGN_STYLE = Automatic;
				CURRENT_PROJECT_VERSION = 1;
				DEVELOPMENT_TEAM = 2HB3YHCHVH;
				GENERATE_INFOPLIST_FILE = YES;
				INFOPLIST_FILE = "UILayouts-TheMovieDB/Info.plist";
				INFOPLIST_KEY_UIApplicationSupportsIndirectInputEvents = YES;
				INFOPLIST_KEY_UILaunchStoryboardName = LaunchScreen;
				INFOPLIST_KEY_UISupportedInterfaceOrientations_iPad = "UIInterfaceOrientationPortrait UIInterfaceOrientationPortraitUpsideDown UIInterfaceOrientationLandscapeLeft UIInterfaceOrientationLandscapeRight";
				INFOPLIST_KEY_UISupportedInterfaceOrientations_iPhone = "UIInterfaceOrientationPortrait UIInterfaceOrientationLandscapeLeft UIInterfaceOrientationLandscapeRight";
				LD_RUNPATH_SEARCH_PATHS = (
					"$(inherited)",
					"@executable_path/Frameworks",
				);
				MARKETING_VERSION = 1.0;
				PRODUCT_BUNDLE_IDENTIFIER = "com.mwaibanda.UILayouts-TheMovieDB";
				PRODUCT_NAME = "$(TARGET_NAME)";
				SWIFT_EMIT_LOC_STRINGS = YES;
				SWIFT_VERSION = 5.0;
				TARGETED_DEVICE_FAMILY = "1,2";
			};
			name = Release;
		};
		81FEBCCF28B6CE970006A18A /* Debug */ = {
			isa = XCBuildConfiguration;
			buildSettings = {
				ALWAYS_EMBED_SWIFT_STANDARD_LIBRARIES = YES;
				BUNDLE_LOADER = "$(TEST_HOST)";
				CODE_SIGN_STYLE = Automatic;
				CURRENT_PROJECT_VERSION = 1;
				DEVELOPMENT_TEAM = 2HB3YHCHVH;
				GENERATE_INFOPLIST_FILE = YES;
				IPHONEOS_DEPLOYMENT_TARGET = 15.5;
				MARKETING_VERSION = 1.0;
				PRODUCT_BUNDLE_IDENTIFIER = "com.mwaibanda.UILayouts-TheMovieDBTests";
				PRODUCT_NAME = "$(TARGET_NAME)";
				SWIFT_EMIT_LOC_STRINGS = NO;
				SWIFT_VERSION = 5.0;
				TARGETED_DEVICE_FAMILY = "1,2";
				TEST_HOST = "$(BUILT_PRODUCTS_DIR)/UILayouts-TheMovieDB.app/UILayouts-TheMovieDB";
			};
			name = Debug;
		};
		81FEBCD028B6CE970006A18A /* Release */ = {
			isa = XCBuildConfiguration;
			buildSettings = {
				ALWAYS_EMBED_SWIFT_STANDARD_LIBRARIES = YES;
				BUNDLE_LOADER = "$(TEST_HOST)";
				CODE_SIGN_STYLE = Automatic;
				CURRENT_PROJECT_VERSION = 1;
				DEVELOPMENT_TEAM = 2HB3YHCHVH;
				GENERATE_INFOPLIST_FILE = YES;
				IPHONEOS_DEPLOYMENT_TARGET = 15.5;
				MARKETING_VERSION = 1.0;
				PRODUCT_BUNDLE_IDENTIFIER = "com.mwaibanda.UILayouts-TheMovieDBTests";
				PRODUCT_NAME = "$(TARGET_NAME)";
				SWIFT_EMIT_LOC_STRINGS = NO;
				SWIFT_VERSION = 5.0;
				TARGETED_DEVICE_FAMILY = "1,2";
				TEST_HOST = "$(BUILT_PRODUCTS_DIR)/UILayouts-TheMovieDB.app/UILayouts-TheMovieDB";
			};
			name = Release;
		};
		81FEBCD228B6CE970006A18A /* Debug */ = {
			isa = XCBuildConfiguration;
			buildSettings = {
				ALWAYS_EMBED_SWIFT_STANDARD_LIBRARIES = YES;
				CODE_SIGN_STYLE = Automatic;
				CURRENT_PROJECT_VERSION = 1;
				DEVELOPMENT_TEAM = 2HB3YHCHVH;
				GENERATE_INFOPLIST_FILE = YES;
				MARKETING_VERSION = 1.0;
				PRODUCT_BUNDLE_IDENTIFIER = "com.mwaibanda.UILayouts-TheMovieDBUITests";
				PRODUCT_NAME = "$(TARGET_NAME)";
				SWIFT_EMIT_LOC_STRINGS = NO;
				SWIFT_VERSION = 5.0;
				TARGETED_DEVICE_FAMILY = "1,2";
				TEST_TARGET_NAME = "UILayouts-TheMovieDB";
			};
			name = Debug;
		};
		81FEBCD328B6CE970006A18A /* Release */ = {
			isa = XCBuildConfiguration;
			buildSettings = {
				ALWAYS_EMBED_SWIFT_STANDARD_LIBRARIES = YES;
				CODE_SIGN_STYLE = Automatic;
				CURRENT_PROJECT_VERSION = 1;
				DEVELOPMENT_TEAM = 2HB3YHCHVH;
				GENERATE_INFOPLIST_FILE = YES;
				MARKETING_VERSION = 1.0;
				PRODUCT_BUNDLE_IDENTIFIER = "com.mwaibanda.UILayouts-TheMovieDBUITests";
				PRODUCT_NAME = "$(TARGET_NAME)";
				SWIFT_EMIT_LOC_STRINGS = NO;
				SWIFT_VERSION = 5.0;
				TARGETED_DEVICE_FAMILY = "1,2";
				TEST_TARGET_NAME = "UILayouts-TheMovieDB";
			};
			name = Release;
		};
/* End XCBuildConfiguration section */

/* Begin XCConfigurationList section */
		81FEBC9C28B6CE950006A18A /* Build configuration list for PBXProject "UILayouts-TheMovieDB" */ = {
			isa = XCConfigurationList;
			buildConfigurations = (
				81FEBCC928B6CE970006A18A /* Debug */,
				81FEBCCA28B6CE970006A18A /* Release */,
			);
			defaultConfigurationIsVisible = 0;
			defaultConfigurationName = Release;
		};
		81FEBCCB28B6CE970006A18A /* Build configuration list for PBXNativeTarget "UILayouts-TheMovieDB" */ = {
			isa = XCConfigurationList;
			buildConfigurations = (
				81FEBCCC28B6CE970006A18A /* Debug */,
				81FEBCCD28B6CE970006A18A /* Release */,
			);
			defaultConfigurationIsVisible = 0;
			defaultConfigurationName = Release;
		};
		81FEBCCE28B6CE970006A18A /* Build configuration list for PBXNativeTarget "UILayouts-TheMovieDBTests" */ = {
			isa = XCConfigurationList;
			buildConfigurations = (
				81FEBCCF28B6CE970006A18A /* Debug */,
				81FEBCD028B6CE970006A18A /* Release */,
			);
			defaultConfigurationIsVisible = 0;
			defaultConfigurationName = Release;
		};
		81FEBCD128B6CE970006A18A /* Build configuration list for PBXNativeTarget "UILayouts-TheMovieDBUITests" */ = {
			isa = XCConfigurationList;
			buildConfigurations = (
				81FEBCD228B6CE970006A18A /* Debug */,
				81FEBCD328B6CE970006A18A /* Release */,
			);
			defaultConfigurationIsVisible = 0;
			defaultConfigurationName = Release;
		};
/* End XCConfigurationList section */

/* Begin XCRemoteSwiftPackageReference section */
		81362D9228B8075800AE15BD /* XCRemoteSwiftPackageReference "RxSwift" */ = {
			isa = XCRemoteSwiftPackageReference;
			repositoryURL = "https://github.com/ReactiveX/RxSwift.git";
			requirement = {
				branch = main;
				kind = branch;
			};
		};
		815E02F828B891F500254488 /* XCRemoteSwiftPackageReference "SDWebImage" */ = {
			isa = XCRemoteSwiftPackageReference;
			repositoryURL = "https://github.com/SDWebImage/SDWebImage.git";
			requirement = {
				branch = master;
				kind = branch;
			};
		};
/* End XCRemoteSwiftPackageReference section */

/* Begin XCSwiftPackageProductDependency section */
		81362D9328B8075800AE15BD /* RxCocoa */ = {
			isa = XCSwiftPackageProductDependency;
			package = 81362D9228B8075800AE15BD /* XCRemoteSwiftPackageReference "RxSwift" */;
			productName = RxCocoa;
		};
		81362D9528B8075800AE15BD /* RxRelay */ = {
			isa = XCSwiftPackageProductDependency;
			package = 81362D9228B8075800AE15BD /* XCRemoteSwiftPackageReference "RxSwift" */;
			productName = RxRelay;
		};
		81362D9728B8075800AE15BD /* RxSwift */ = {
			isa = XCSwiftPackageProductDependency;
			package = 81362D9228B8075800AE15BD /* XCRemoteSwiftPackageReference "RxSwift" */;
			productName = RxSwift;
		};
		815E02F928B891F500254488 /* SDWebImage */ = {
			isa = XCSwiftPackageProductDependency;
			package = 815E02F828B891F500254488 /* XCRemoteSwiftPackageReference "SDWebImage" */;
			productName = SDWebImage;
		};
/* End XCSwiftPackageProductDependency section */
	};
	rootObject = 81FEBC9928B6CE950006A18A /* Project object */;
}
